
Microsoft Visual Studio Solution File, Format Version 12.00
# Visual Studio Version 17
VisualStudioVersion = 17.14.36401.2
MinimumVisualStudioVersion = 10.0.40219.1
Project("{FAE04EC0-301F-11D3-BF4B-00C04F79EFBC}") = "Producers.API", "src\Producers.API\Producers.API.csproj", "{F7A91C62-F497-4EDB-809E-847BDD3B3BE9}"
EndProject
Project("{2150E333-8FDC-42A3-9474-1A3956D46DE8}") = "Solution Items", "Solution Items", "{8EC462FD-D22E-90A8-E5CE-7E832BA40C5D}"
	ProjectSection(SolutionItems) = preProject
		docker-Compose.Dev.Infrastructure.yaml = docker-Compose.Dev.Infrastructure.yaml
	EndProjectSection
EndProject
Project("{2150E333-8FDC-42A3-9474-1A3956D46DE8}") = "src", "src", "{02EA681E-C7D8-13C7-8484-4AC65E1B71E8}"
EndProject
Project("{FAE04EC0-301F-11D3-BF4B-00C04F79EFBC}") = "Contract", "src\Contract\Contract.csproj", "{6321430A-8520-43E3-BD87-D495F6C36081}"
EndProject
Project("{FAE04EC0-301F-11D3-BF4B-00C04F79EFBC}") = "Comsumer.API", "src\Comsumer.API\Comsumer.API.csproj", "{A6C7E23B-C430-4414-962F-982397DA19A5}"
EndProject
Project("{FAE04EC0-301F-11D3-BF4B-00C04F79EFBC}") = "Data", "src\Data\Data.csproj", "{95C716BC-A823-4686-91B9-8FB90A08314F}"
EndProject
Global
	GlobalSection(SolutionConfigurationPlatforms) = preSolution
		Debug|Any CPU = Debug|Any CPU
		Release|Any CPU = Release|Any CPU
	EndGlobalSection
	GlobalSection(ProjectConfigurationPlatforms) = postSolution
		{F7A91C62-F497-4EDB-809E-847BDD3B3BE9}.Debug|Any CPU.ActiveCfg = Debug|Any CPU
		{F7A91C62-F497-4EDB-809E-847BDD3B3BE9}.Debug|Any CPU.Build.0 = Debug|Any CPU
		{F7A91C62-F497-4EDB-809E-847BDD3B3BE9}.Release|Any CPU.ActiveCfg = Release|Any CPU
		{F7A91C62-F497-4EDB-809E-847BDD3B3BE9}.Release|Any CPU.Build.0 = Release|Any CPU
		{6321430A-8520-43E3-BD87-D495F6C36081}.Debug|Any CPU.ActiveCfg = Debug|Any CPU
		{6321430A-8520-43E3-BD87-D495F6C36081}.Debug|Any CPU.Build.0 = Debug|Any CPU
		{6321430A-8520-43E3-BD87-D495F6C36081}.Release|Any CPU.ActiveCfg = Release|Any CPU
		{6321430A-8520-43E3-BD87-D495F6C36081}.Release|Any CPU.Build.0 = Release|Any CPU
		{A6C7E23B-C430-4414-962F-982397DA19A5}.Debug|Any CPU.ActiveCfg = Debug|Any CPU
		{A6C7E23B-C430-4414-962F-982397DA19A5}.Debug|Any CPU.Build.0 = Debug|Any CPU
		{A6C7E23B-C430-4414-962F-982397DA19A5}.Release|Any CPU.ActiveCfg = Release|Any CPU
		{A6C7E23B-C430-4414-962F-982397DA19A5}.Release|Any CPU.Build.0 = Release|Any CPU
		{95C716BC-A823-4686-91B9-8FB90A08314F}.Debug|Any CPU.ActiveCfg = Debug|Any CPU
		{95C716BC-A823-4686-91B9-8FB90A08314F}.Debug|Any CPU.Build.0 = Debug|Any CPU
		{95C716BC-A823-4686-91B9-8FB90A08314F}.Release|Any CPU.ActiveCfg = Release|Any CPU
		{95C716BC-A823-4686-91B9-8FB90A08314F}.Release|Any CPU.Build.0 = Release|Any CPU
	EndGlobalSection
	GlobalSection(SolutionProperties) = preSolution
		HideSolutionNode = FALSE
	EndGlobalSection
	GlobalSection(NestedProjects) = preSolution
		{F7A91C62-F497-4EDB-809E-847BDD3B3BE9} = {02EA681E-C7D8-13C7-8484-4AC65E1B71E8}
		{6321430A-8520-43E3-BD87-D495F6C36081} = {02EA681E-C7D8-13C7-8484-4AC65E1B71E8}
		{A6C7E23B-C430-4414-962F-982397DA19A5} = {02EA681E-C7D8-13C7-8484-4AC65E1B71E8}
		{95C716BC-A823-4686-91B9-8FB90A08314F} = {02EA681E-C7D8-13C7-8484-4AC65E1B71E8}
	EndGlobalSection
	GlobalSection(ExtensibilityGlobals) = postSolution
		SolutionGuid = {65835D83-3AB1-4B58-B53D-AB0E7392A265}
	EndGlobalSection
EndGlobal
